
Microsoft Visual Studio Solution File, Format Version 12.00
# Visual Studio 15
VisualStudioVersion = 15.0.28307.1022
MinimumVisualStudioVersion = 10.0.40219.1
Project("{FAE04EC0-301F-11D3-BF4B-00C04F79EFBC}") = "VehicleMM.Android", "VehicleMM\VehicleMM.Android\VehicleMM.Android.csproj", "{647DE83C-8EAA-4E1E-9B33-33BE0205A3C0}"
EndProject
Project("{FAE04EC0-301F-11D3-BF4B-00C04F79EFBC}") = "VehicleMM.iOS", "VehicleMM\VehicleMM.iOS\VehicleMM.iOS.csproj", "{C98DC862-7FFC-4039-8523-E066FB66B4AB}"
EndProject
Project("{FAE04EC0-301F-11D3-BF4B-00C04F79EFBC}") = "VehicleMM", "VehicleMM\VehicleMM\VehicleMM.csproj", "{0C061D6C-6358-42D1-A952-9D8461AE78D9}"
EndProject
Global
	GlobalSection(SolutionConfigurationPlatforms) = preSolution
		Ad-Hoc|Any CPU = Ad-Hoc|Any CPU
		Ad-Hoc|iPhone = Ad-Hoc|iPhone
		Ad-Hoc|iPhoneSimulator = Ad-Hoc|iPhoneSimulator
		AppStore|Any CPU = AppStore|Any CPU
		AppStore|iPhone = AppStore|iPhone
		AppStore|iPhoneSimulator = AppStore|iPhoneSimulator
		Debug|Any CPU = Debug|Any CPU
		Debug|iPhone = Debug|iPhone
		Debug|iPhoneSimulator = Debug|iPhoneSimulator
		Release|Any CPU = Release|Any CPU
		Release|iPhone = Release|iPhone
		Release|iPhoneSimulator = Release|iPhoneSimulator
	EndGlobalSection
	GlobalSection(ProjectConfigurationPlatforms) = postSolution
		{647DE83C-8EAA-4E1E-9B33-33BE0205A3C0}.Ad-Hoc|Any CPU.ActiveCfg = Release|Any CPU
		{647DE83C-8EAA-4E1E-9B33-33BE0205A3C0}.Ad-Hoc|Any CPU.Build.0 = Release|Any CPU
		{647DE83C-8EAA-4E1E-9B33-33BE0205A3C0}.Ad-Hoc|Any CPU.Deploy.0 = Release|Any CPU
		{647DE83C-8EAA-4E1E-9B33-33BE0205A3C0}.Ad-Hoc|iPhone.ActiveCfg = Release|Any CPU
		{647DE83C-8EAA-4E1E-9B33-33BE0205A3C0}.Ad-Hoc|iPhone.Build.0 = Release|Any CPU
		{647DE83C-8EAA-4E1E-9B33-33BE0205A3C0}.Ad-Hoc|iPhone.Deploy.0 = Release|Any CPU
		{647DE83C-8EAA-4E1E-9B33-33BE0205A3C0}.Ad-Hoc|iPhoneSimulator.ActiveCfg = Release|Any CPU
		{647DE83C-8EAA-4E1E-9B33-33BE0205A3C0}.Ad-Hoc|iPhoneSimulator.Build.0 = Release|Any CPU
		{647DE83C-8EAA-4E1E-9B33-33BE0205A3C0}.Ad-Hoc|iPhoneSimulator.Deploy.0 = Release|Any CPU
		{647DE83C-8EAA-4E1E-9B33-33BE0205A3C0}.AppStore|Any CPU.ActiveCfg = Release|Any CPU
		{647DE83C-8EAA-4E1E-9B33-33BE0205A3C0}.AppStore|Any CPU.Build.0 = Release|Any CPU
		{647DE83C-8EAA-4E1E-9B33-33BE0205A3C0}.AppStore|Any CPU.Deploy.0 = Release|Any CPU
		{647DE83C-8EAA-4E1E-9B33-33BE0205A3C0}.AppStore|iPhone.ActiveCfg = Release|Any CPU
		{647DE83C-8EAA-4E1E-9B33-33BE0205A3C0}.AppStore|iPhone.Build.0 = Release|Any CPU
		{647DE83C-8EAA-4E1E-9B33-33BE0205A3C0}.AppStore|iPhone.Deploy.0 = Release|Any CPU
		{647DE83C-8EAA-4E1E-9B33-33BE0205A3C0}.AppStore|iPhoneSimulator.ActiveCfg = Release|Any CPU
		{647DE83C-8EAA-4E1E-9B33-33BE0205A3C0}.AppStore|iPhoneSimulator.Build.0 = Release|Any CPU
		{647DE83C-8EAA-4E1E-9B33-33BE0205A3C0}.AppStore|iPhoneSimulator.Deploy.0 = Release|Any CPU
		{647DE83C-8EAA-4E1E-9B33-33BE0205A3C0}.Debug|Any CPU.ActiveCfg = Debug|Any CPU
		{647DE83C-8EAA-4E1E-9B33-33BE0205A3C0}.Debug|Any CPU.Build.0 = Debug|Any CPU
		{647DE83C-8EAA-4E1E-9B33-33BE0205A3C0}.Debug|Any CPU.Deploy.0 = Debug|Any CPU
		{647DE83C-8EAA-4E1E-9B33-33BE0205A3C0}.Debug|iPhone.ActiveCfg = Debug|Any CPU
		{647DE83C-8EAA-4E1E-9B33-33BE0205A3C0}.Debug|iPhone.Build.0 = Debug|Any CPU
		{647DE83C-8EAA-4E1E-9B33-33BE0205A3C0}.Debug|iPhone.Deploy.0 = Debug|Any CPU
		{647DE83C-8EAA-4E1E-9B33-33BE0205A3C0}.Debug|iPhoneSimulator.ActiveCfg = Debug|Any CPU
		{647DE83C-8EAA-4E1E-9B33-33BE0205A3C0}.Debug|iPhoneSimulator.Build.0 = Debug|Any CPU
		{647DE83C-8EAA-4E1E-9B33-33BE0205A3C0}.Debug|iPhoneSimulator.Deploy.0 = Debug|Any CPU
		{647DE83C-8EAA-4E1E-9B33-33BE0205A3C0}.Release|Any CPU.ActiveCfg = Release|Any CPU
		{647DE83C-8EAA-4E1E-9B33-33BE0205A3C0}.Release|Any CPU.Build.0 = Release|Any CPU
		{647DE83C-8EAA-4E1E-9B33-33BE0205A3C0}.Release|Any CPU.Deploy.0 = Release|Any CPU
		{647DE83C-8EAA-4E1E-9B33-33BE0205A3C0}.Release|iPhone.ActiveCfg = Release|Any CPU
		{647DE83C-8EAA-4E1E-9B33-33BE0205A3C0}.Release|iPhone.Build.0 = Release|Any CPU
		{647DE83C-8EAA-4E1E-9B33-33BE0205A3C0}.Release|iPhone.Deploy.0 = Release|Any CPU
		{647DE83C-8EAA-4E1E-9B33-33BE0205A3C0}.Release|iPhoneSimulator.ActiveCfg = Release|Any CPU
		{647DE83C-8EAA-4E1E-9B33-33BE0205A3C0}.Release|iPhoneSimulator.Build.0 = Release|Any CPU
		{647DE83C-8EAA-4E1E-9B33-33BE0205A3C0}.Release|iPhoneSimulator.Deploy.0 = Release|Any CPU
		{C98DC862-7FFC-4039-8523-E066FB66B4AB}.Ad-Hoc|Any CPU.ActiveCfg = Ad-Hoc|iPhone
		{C98DC862-7FFC-4039-8523-E066FB66B4AB}.Ad-Hoc|Any CPU.Build.0 = Ad-Hoc|iPhone
		{C98DC862-7FFC-4039-8523-E066FB66B4AB}.Ad-Hoc|Any CPU.Deploy.0 = Ad-Hoc|iPhone
		{C98DC862-7FFC-4039-8523-E066FB66B4AB}.Ad-Hoc|iPhone.ActiveCfg = Ad-Hoc|iPhone
		{C98DC862-7FFC-4039-8523-E066FB66B4AB}.Ad-Hoc|iPhone.Build.0 = Ad-Hoc|iPhone
		{C98DC862-7FFC-4039-8523-E066FB66B4AB}.Ad-Hoc|iPhone.Deploy.0 = Ad-Hoc|iPhone
		{C98DC862-7FFC-4039-8523-E066FB66B4AB}.Ad-Hoc|iPhoneSimulator.ActiveCfg = Ad-Hoc|iPhoneSimulator
		{C98DC862-7FFC-4039-8523-E066FB66B4AB}.Ad-Hoc|iPhoneSimulator.Build.0 = Ad-Hoc|iPhoneSimulator
		{C98DC862-7FFC-4039-8523-E066FB66B4AB}.Ad-Hoc|iPhoneSimulator.Deploy.0 = Ad-Hoc|iPhoneSimulator
		{C98DC862-7FFC-4039-8523-E066FB66B4AB}.AppStore|Any CPU.ActiveCfg = AppStore|iPhone
		{C98DC862-7FFC-4039-8523-E066FB66B4AB}.AppStore|Any CPU.Build.0 = AppStore|iPhone
		{C98DC862-7FFC-4039-8523-E066FB66B4AB}.AppStore|Any CPU.Deploy.0 = AppStore|iPhone
		{C98DC862-7FFC-4039-8523-E066FB66B4AB}.AppStore|iPhone.ActiveCfg = AppStore|iPhone
		{C98DC862-7FFC-4039-8523-E066FB66B4AB}.AppStore|iPhone.Build.0 = AppStore|iPhone
		{C98DC862-7FFC-4039-8523-E066FB66B4AB}.AppStore|iPhone.Deploy.0 = AppStore|iPhone
		{C98DC862-7FFC-4039-8523-E066FB66B4AB}.AppStore|iPhoneSimulator.ActiveCfg = AppStore|iPhoneSimulator
		{C98DC862-7FFC-4039-8523-E066FB66B4AB}.AppStore|iPhoneSimulator.Build.0 = AppStore|iPhoneSimulator
		{C98DC862-7FFC-4039-8523-E066FB66B4AB}.AppStore|iPhoneSimulator.Deploy.0 = AppStore|iPhoneSimulator
		{C98DC862-7FFC-4039-8523-E066FB66B4AB}.Debug|Any CPU.ActiveCfg = Debug|iPhoneSimulator
		{C98DC862-7FFC-4039-8523-E066FB66B4AB}.Debug|Any CPU.Build.0 = Debug|iPhoneSimulator
		{C98DC862-7FFC-4039-8523-E066FB66B4AB}.Debug|Any CPU.Deploy.0 = Debug|iPhoneSimulator
		{C98DC862-7FFC-4039-8523-E066FB66B4AB}.Debug|iPhone.ActiveCfg = Debug|iPhone
		{C98DC862-7FFC-4039-8523-E066FB66B4AB}.Debug|iPhone.Build.0 = Debug|iPhone
		{C98DC862-7FFC-4039-8523-E066FB66B4AB}.Debug|iPhone.Deploy.0 = Debug|iPhone
		{C98DC862-7FFC-4039-8523-E066FB66B4AB}.Debug|iPhoneSimulator.ActiveCfg = Debug|iPhoneSimulator
		{C98DC862-7FFC-4039-8523-E066FB66B4AB}.Debug|iPhoneSimulator.Build.0 = Debug|iPhoneSimulator
		{C98DC862-7FFC-4039-8523-E066FB66B4AB}.Debug|iPhoneSimulator.Deploy.0 = Debug|iPhoneSimulator
		{C98DC862-7FFC-4039-8523-E066FB66B4AB}.Release|Any CPU.ActiveCfg = Release|iPhone
		{C98DC862-7FFC-4039-8523-E066FB66B4AB}.Release|Any CPU.Build.0 = Release|iPhone
		{C98DC862-7FFC-4039-8523-E066FB66B4AB}.Release|Any CPU.Deploy.0 = Release|iPhone
		{C98DC862-7FFC-4039-8523-E066FB66B4AB}.Release|iPhone.ActiveCfg = Release|iPhone
		{C98DC862-7FFC-4039-8523-E066FB66B4AB}.Release|iPhone.Build.0 = Release|iPhone
		{C98DC862-7FFC-4039-8523-E066FB66B4AB}.Release|iPhone.Deploy.0 = Release|iPhone
		{C98DC862-7FFC-4039-8523-E066FB66B4AB}.Release|iPhoneSimulator.ActiveCfg = Release|iPhoneSimulator
		{C98DC862-7FFC-4039-8523-E066FB66B4AB}.Release|iPhoneSimulator.Build.0 = Release|iPhoneSimulator
		{C98DC862-7FFC-4039-8523-E066FB66B4AB}.Release|iPhoneSimulator.Deploy.0 = Release|iPhoneSimulator
		{0C061D6C-6358-42D1-A952-9D8461AE78D9}.Ad-Hoc|Any CPU.ActiveCfg = Debug|Any CPU
		{0C061D6C-6358-42D1-A952-9D8461AE78D9}.Ad-Hoc|Any CPU.Build.0 = Debug|Any CPU
		{0C061D6C-6358-42D1-A952-9D8461AE78D9}.Ad-Hoc|Any CPU.Deploy.0 = Debug|Any CPU
		{0C061D6C-6358-42D1-A952-9D8461AE78D9}.Ad-Hoc|iPhone.ActiveCfg = Debug|Any CPU
		{0C061D6C-6358-42D1-A952-9D8461AE78D9}.Ad-Hoc|iPhone.Build.0 = Debug|Any CPU
		{0C061D6C-6358-42D1-A952-9D8461AE78D9}.Ad-Hoc|iPhone.Deploy.0 = Debug|Any CPU
		{0C061D6C-6358-42D1-A952-9D8461AE78D9}.Ad-Hoc|iPhoneSimulator.ActiveCfg = Debug|Any CPU
		{0C061D6C-6358-42D1-A952-9D8461AE78D9}.Ad-Hoc|iPhoneSimulator.Build.0 = Debug|Any CPU
		{0C061D6C-6358-42D1-A952-9D8461AE78D9}.Ad-Hoc|iPhoneSimulator.Deploy.0 = Debug|Any CPU
		{0C061D6C-6358-42D1-A952-9D8461AE78D9}.AppStore|Any CPU.ActiveCfg = Debug|Any CPU
		{0C061D6C-6358-42D1-A952-9D8461AE78D9}.AppStore|Any CPU.Build.0 = Debug|Any CPU
		{0C061D6C-6358-42D1-A952-9D8461AE78D9}.AppStore|Any CPU.Deploy.0 = Debug|Any CPU
		{0C061D6C-6358-42D1-A952-9D8461AE78D9}.AppStore|iPhone.ActiveCfg = Debug|Any CPU
		{0C061D6C-6358-42D1-A952-9D8461AE78D9}.AppStore|iPhone.Build.0 = Debug|Any CPU
		{0C061D6C-6358-42D1-A952-9D8461AE78D9}.AppStore|iPhone.Deploy.0 = Debug|Any CPU
		{0C061D6C-6358-42D1-A952-9D8461AE78D9}.AppStore|iPhoneSimulator.ActiveCfg = Debug|Any CPU
		{0C061D6C-6358-42D1-A952-9D8461AE78D9}.AppStore|iPhoneSimulator.Build.0 = Debug|Any CPU
		{0C061D6C-6358-42D1-A952-9D8461AE78D9}.AppStore|iPhoneSimulator.Deploy.0 = Debug|Any CPU
		{0C061D6C-6358-42D1-A952-9D8461AE78D9}.Debug|Any CPU.ActiveCfg = Debug|Any CPU
		{0C061D6C-6358-42D1-A952-9D8461AE78D9}.Debug|Any CPU.Build.0 = Debug|Any CPU
		{0C061D6C-6358-42D1-A952-9D8461AE78D9}.Debug|Any CPU.Deploy.0 = Debug|Any CPU
		{0C061D6C-6358-42D1-A952-9D8461AE78D9}.Debug|iPhone.ActiveCfg = Debug|Any CPU
		{0C061D6C-6358-42D1-A952-9D8461AE78D9}.Debug|iPhone.Build.0 = Debug|Any CPU
		{0C061D6C-6358-42D1-A952-9D8461AE78D9}.Debug|iPhone.Deploy.0 = Debug|Any CPU
		{0C061D6C-6358-42D1-A952-9D8461AE78D9}.Debug|iPhoneSimulator.ActiveCfg = Debug|Any CPU
		{0C061D6C-6358-42D1-A952-9D8461AE78D9}.Debug|iPhoneSimulator.Build.0 = Debug|Any CPU
		{0C061D6C-6358-42D1-A952-9D8461AE78D9}.Debug|iPhoneSimulator.Deploy.0 = Debug|Any CPU
		{0C061D6C-6358-42D1-A952-9D8461AE78D9}.Release|Any CPU.ActiveCfg = Release|Any CPU
		{0C061D6C-6358-42D1-A952-9D8461AE78D9}.Release|Any CPU.Build.0 = Release|Any CPU
		{0C061D6C-6358-42D1-A952-9D8461AE78D9}.Release|Any CPU.Deploy.0 = Release|Any CPU
		{0C061D6C-6358-42D1-A952-9D8461AE78D9}.Release|iPhone.ActiveCfg = Release|Any CPU
		{0C061D6C-6358-42D1-A952-9D8461AE78D9}.Release|iPhone.Build.0 = Release|Any CPU
		{0C061D6C-6358-42D1-A952-9D8461AE78D9}.Release|iPhone.Deploy.0 = Release|Any CPU
		{0C061D6C-6358-42D1-A952-9D8461AE78D9}.Release|iPhoneSimulator.ActiveCfg = Release|Any CPU
		{0C061D6C-6358-42D1-A952-9D8461AE78D9}.Release|iPhoneSimulator.Build.0 = Release|Any CPU
		{0C061D6C-6358-42D1-A952-9D8461AE78D9}.Release|iPhoneSimulator.Deploy.0 = Release|Any CPU
	EndGlobalSection
	GlobalSection(SolutionProperties) = preSolution
		HideSolutionNode = FALSE
	EndGlobalSection
	GlobalSection(ExtensibilityGlobals) = postSolution
		SolutionGuid = {33736A38-B868-465B-B3CF-9439AB3F1753}
	EndGlobalSection
EndGlobal
